
Microsoft Visual Studio Solution File, Format Version 12.00
# Visual Studio Version 17
VisualStudioVersion = 17.7.34009.444
MinimumVisualStudioVersion = 10.0.40219.1
Project("{FAE04EC0-301F-11D3-BF4B-00C04F79EFBC}") = "GUI", "GUI\GUI.csproj", "{8E3B415F-AF62-4982-872A-EA8B625B4CF2}"
EndProject
Project("{FAE04EC0-301F-11D3-BF4B-00C04F79EFBC}") = "DAL", "DAL\DAL.csproj", "{42402BE8-4DF5-4991-BBB9-4265DB8B7E50}"
EndProject
Global
	GlobalSection(SolutionConfigurationPlatforms) = preSolution
		Debug|Any CPU = Debug|Any CPU
		Release|Any CPU = Release|Any CPU
	EndGlobalSection
	GlobalSection(ProjectConfigurationPlatforms) = postSolution
		{8E3B415F-AF62-4982-872A-EA8B625B4CF2}.Debug|Any CPU.ActiveCfg = Debug|Any CPU
		{8E3B415F-AF62-4982-872A-EA8B625B4CF2}.Debug|Any CPU.Build.0 = Debug|Any CPU
		{8E3B415F-AF62-4982-872A-EA8B625B4CF2}.Release|Any CPU.ActiveCfg = Release|Any CPU
		{8E3B415F-AF62-4982-872A-EA8B625B4CF2}.Release|Any CPU.Build.0 = Release|Any CPU
		{42402BE8-4DF5-4991-BBB9-4265DB8B7E50}.Debug|Any CPU.ActiveCfg = Debug|Any CPU
		{42402BE8-4DF5-4991-BBB9-4265DB8B7E50}.Debug|Any CPU.Build.0 = Debug|Any CPU
		{42402BE8-4DF5-4991-BBB9-4265DB8B7E50}.Release|Any CPU.ActiveCfg = Release|Any CPU
		{42402BE8-4DF5-4991-BBB9-4265DB8B7E50}.Release|Any CPU.Build.0 = Release|Any CPU
	EndGlobalSection
	GlobalSection(SolutionProperties) = preSolution
		HideSolutionNode = FALSE
	EndGlobalSection
	GlobalSection(ExtensibilityGlobals) = postSolution
		SolutionGuid = {98752F50-9018-4E87-8366-3A0B0F7CC0FA}
	EndGlobalSection
EndGlobal
